
Microsoft Visual Studio Solution File, Format Version 12.00
# Visual Studio Version 17
VisualStudioVersion = 17.14.36221.1 d17.14
MinimumVisualStudioVersion = 10.0.40219.1
Project("{FAE04EC0-301F-11D3-BF4B-00C04F79EFBC}") = "Final OOP Exam", "Final OOP Exam\Final OOP Exam.csproj", "{3BFD35B5-4C5F-4EB0-BFF3-8213DB3947AA}"
EndProject
Global
	GlobalSection(SolutionConfigurationPlatforms) = preSolution
		Debug|Any CPU = Debug|Any CPU
		Release|Any CPU = Release|Any CPU
	EndGlobalSection
	GlobalSection(ProjectConfigurationPlatforms) = postSolution
		{3BFD35B5-4C5F-4EB0-BFF3-8213DB3947AA}.Debug|Any CPU.ActiveCfg = Debug|Any CPU
		{3BFD35B5-4C5F-4EB0-BFF3-8213DB3947AA}.Debug|Any CPU.Build.0 = Debug|Any CPU
		{3BFD35B5-4C5F-4EB0-BFF3-8213DB3947AA}.Release|Any CPU.ActiveCfg = Release|Any CPU
		{3BFD35B5-4C5F-4EB0-BFF3-8213DB3947AA}.Release|Any CPU.Build.0 = Release|Any CPU
	EndGlobalSection
	GlobalSection(SolutionProperties) = preSolution
		HideSolutionNode = FALSE
	EndGlobalSection
	GlobalSection(ExtensibilityGlobals) = postSolution
		SolutionGuid = {320EC13D-74C3-4EDF-8EFC-8E19C08EFEAC}
	EndGlobalSection
EndGlobal
